
Microsoft Visual Studio Solution File, Format Version 12.00
# Visual Studio 15
VisualStudioVersion = 15.0.28010.2046
MinimumVisualStudioVersion = 10.0.40219.1
Project("{FAE04EC0-301F-11D3-BF4B-00C04F79EFBC}") = "FirstCustomActivity", "FirstCustomActivity\FirstCustomActivity.csproj", "{00256D73-B888-4999-9243-A11EE8CBB05D}"
EndProject
Global
	GlobalSection(SolutionConfigurationPlatforms) = preSolution
		Debug|Any CPU = Debug|Any CPU
		Release|Any CPU = Release|Any CPU
	EndGlobalSection
	GlobalSection(ProjectConfigurationPlatforms) = postSolution
		{00256D73-B888-4999-9243-A11EE8CBB05D}.Debug|Any CPU.ActiveCfg = Debug|Any CPU
		{00256D73-B888-4999-9243-A11EE8CBB05D}.Debug|Any CPU.Build.0 = Debug|Any CPU
		{00256D73-B888-4999-9243-A11EE8CBB05D}.Release|Any CPU.ActiveCfg = Release|Any CPU
		{00256D73-B888-4999-9243-A11EE8CBB05D}.Release|Any CPU.Build.0 = Release|Any CPU
	EndGlobalSection
	GlobalSection(SolutionProperties) = preSolution
		HideSolutionNode = FALSE
	EndGlobalSection
	GlobalSection(ExtensibilityGlobals) = postSolution
		SolutionGuid = {A7C48162-8E85-4845-934C-921A001CC046}
	EndGlobalSection
EndGlobal
